
Microsoft Visual Studio Solution File, Format Version 12.00
# Visual Studio Version 17
VisualStudioVersion = 17.7.34018.315
MinimumVisualStudioVersion = 10.0.40219.1
Project("{8BC9CEB8-8B4A-11D0-8D11-00A0C91BC942}") = "109 _ Numbers in strings", "109 _ Numbers in strings\109 _ Numbers in strings.vcxproj", "{23279253-1C99-4378-BF5B-AD73C494447B}"
EndProject
Global
	GlobalSection(SolutionConfigurationPlatforms) = preSolution
		Debug|x64 = Debug|x64
		Debug|x86 = Debug|x86
		Release|x64 = Release|x64
		Release|x86 = Release|x86
	EndGlobalSection
	GlobalSection(ProjectConfigurationPlatforms) = postSolution
		{23279253-1C99-4378-BF5B-AD73C494447B}.Debug|x64.ActiveCfg = Debug|x64
		{23279253-1C99-4378-BF5B-AD73C494447B}.Debug|x64.Build.0 = Debug|x64
		{23279253-1C99-4378-BF5B-AD73C494447B}.Debug|x86.ActiveCfg = Debug|Win32
		{23279253-1C99-4378-BF5B-AD73C494447B}.Debug|x86.Build.0 = Debug|Win32
		{23279253-1C99-4378-BF5B-AD73C494447B}.Release|x64.ActiveCfg = Release|x64
		{23279253-1C99-4378-BF5B-AD73C494447B}.Release|x64.Build.0 = Release|x64
		{23279253-1C99-4378-BF5B-AD73C494447B}.Release|x86.ActiveCfg = Release|Win32
		{23279253-1C99-4378-BF5B-AD73C494447B}.Release|x86.Build.0 = Release|Win32
	EndGlobalSection
	GlobalSection(SolutionProperties) = preSolution
		HideSolutionNode = FALSE
	EndGlobalSection
	GlobalSection(ExtensibilityGlobals) = postSolution
		SolutionGuid = {D2C3447B-4BD6-4B69-AD19-40544035E9AF}
	EndGlobalSection
EndGlobal
