
Microsoft Visual Studio Solution File, Format Version 12.00
# Visual Studio Version 17
VisualStudioVersion = 17.5.33627.172
MinimumVisualStudioVersion = 10.0.40219.1
Project("{8BC9CEB8-8B4A-11D0-8D11-00A0C91BC942}") = "87 _ Grasshopper - Summation", "87 _ Grasshopper - Summation\87 _ Grasshopper - Summation.vcxproj", "{91DA59F2-3A4F-49A2-8CCA-9F84ECC40B7B}"
EndProject
Global
	GlobalSection(SolutionConfigurationPlatforms) = preSolution
		Debug|x64 = Debug|x64
		Debug|x86 = Debug|x86
		Release|x64 = Release|x64
		Release|x86 = Release|x86
	EndGlobalSection
	GlobalSection(ProjectConfigurationPlatforms) = postSolution
		{91DA59F2-3A4F-49A2-8CCA-9F84ECC40B7B}.Debug|x64.ActiveCfg = Debug|x64
		{91DA59F2-3A4F-49A2-8CCA-9F84ECC40B7B}.Debug|x64.Build.0 = Debug|x64
		{91DA59F2-3A4F-49A2-8CCA-9F84ECC40B7B}.Debug|x86.ActiveCfg = Debug|Win32
		{91DA59F2-3A4F-49A2-8CCA-9F84ECC40B7B}.Debug|x86.Build.0 = Debug|Win32
		{91DA59F2-3A4F-49A2-8CCA-9F84ECC40B7B}.Release|x64.ActiveCfg = Release|x64
		{91DA59F2-3A4F-49A2-8CCA-9F84ECC40B7B}.Release|x64.Build.0 = Release|x64
		{91DA59F2-3A4F-49A2-8CCA-9F84ECC40B7B}.Release|x86.ActiveCfg = Release|Win32
		{91DA59F2-3A4F-49A2-8CCA-9F84ECC40B7B}.Release|x86.Build.0 = Release|Win32
	EndGlobalSection
	GlobalSection(SolutionProperties) = preSolution
		HideSolutionNode = FALSE
	EndGlobalSection
	GlobalSection(ExtensibilityGlobals) = postSolution
		SolutionGuid = {CDDC8C38-52FE-4A29-AEAC-C5DFC984ACCF}
	EndGlobalSection
EndGlobal
