
Microsoft Visual Studio Solution File, Format Version 12.00
# Visual Studio Version 17
VisualStudioVersion = 17.7.34031.279
MinimumVisualStudioVersion = 10.0.40219.1
Project("{FAE04EC0-301F-11D3-BF4B-00C04F79EFBC}") = "B - Basic Data Types", "B - Basic Data Types\B - Basic Data Types.csproj", "{426FB549-30BC-414E-9987-14E2505C7B96}"
EndProject
Global
	GlobalSection(SolutionConfigurationPlatforms) = preSolution
		Debug|Any CPU = Debug|Any CPU
		Release|Any CPU = Release|Any CPU
	EndGlobalSection
	GlobalSection(ProjectConfigurationPlatforms) = postSolution
		{426FB549-30BC-414E-9987-14E2505C7B96}.Debug|Any CPU.ActiveCfg = Debug|Any CPU
		{426FB549-30BC-414E-9987-14E2505C7B96}.Debug|Any CPU.Build.0 = Debug|Any CPU
		{426FB549-30BC-414E-9987-14E2505C7B96}.Release|Any CPU.ActiveCfg = Release|Any CPU
		{426FB549-30BC-414E-9987-14E2505C7B96}.Release|Any CPU.Build.0 = Release|Any CPU
	EndGlobalSection
	GlobalSection(SolutionProperties) = preSolution
		HideSolutionNode = FALSE
	EndGlobalSection
	GlobalSection(ExtensibilityGlobals) = postSolution
		SolutionGuid = {8F80998F-FBC2-4202-B498-4C9DBFF60FE3}
	EndGlobalSection
EndGlobal
