
Microsoft Visual Studio Solution File, Format Version 12.00
# Visual Studio Version 17
VisualStudioVersion = 17.9.34728.123
MinimumVisualStudioVersion = 10.0.40219.1
Project("{8BC9CEB8-8B4A-11D0-8D11-00A0C91BC942}") = "26. Remove Duplicates from Sorted Array", "26. Remove Duplicates from Sorted Array\26. Remove Duplicates from Sorted Array.vcxproj", "{D2528693-D074-4BAC-B5D5-AA2A15B2D269}"
EndProject
Global
	GlobalSection(SolutionConfigurationPlatforms) = preSolution
		Debug|x64 = Debug|x64
		Debug|x86 = Debug|x86
		Release|x64 = Release|x64
		Release|x86 = Release|x86
	EndGlobalSection
	GlobalSection(ProjectConfigurationPlatforms) = postSolution
		{D2528693-D074-4BAC-B5D5-AA2A15B2D269}.Debug|x64.ActiveCfg = Debug|x64
		{D2528693-D074-4BAC-B5D5-AA2A15B2D269}.Debug|x64.Build.0 = Debug|x64
		{D2528693-D074-4BAC-B5D5-AA2A15B2D269}.Debug|x86.ActiveCfg = Debug|Win32
		{D2528693-D074-4BAC-B5D5-AA2A15B2D269}.Debug|x86.Build.0 = Debug|Win32
		{D2528693-D074-4BAC-B5D5-AA2A15B2D269}.Release|x64.ActiveCfg = Release|x64
		{D2528693-D074-4BAC-B5D5-AA2A15B2D269}.Release|x64.Build.0 = Release|x64
		{D2528693-D074-4BAC-B5D5-AA2A15B2D269}.Release|x86.ActiveCfg = Release|Win32
		{D2528693-D074-4BAC-B5D5-AA2A15B2D269}.Release|x86.Build.0 = Release|Win32
	EndGlobalSection
	GlobalSection(SolutionProperties) = preSolution
		HideSolutionNode = FALSE
	EndGlobalSection
	GlobalSection(ExtensibilityGlobals) = postSolution
		SolutionGuid = {F83CD818-E169-41D3-A02F-9943CF6C300C}
	EndGlobalSection
EndGlobal
