
Microsoft Visual Studio Solution File, Format Version 12.00
# Visual Studio Version 17
VisualStudioVersion = 17.5.33516.290
MinimumVisualStudioVersion = 10.0.40219.1
Project("{8BC9CEB8-8B4A-11D0-8D11-00A0C91BC942}") = "A. Petya and Strings", "A. Petya and Strings\A. Petya and Strings.vcxproj", "{C76264C0-C719-4523-A325-CF02CD37FAA7}"
EndProject
Global
	GlobalSection(SolutionConfigurationPlatforms) = preSolution
		Debug|x64 = Debug|x64
		Debug|x86 = Debug|x86
		Release|x64 = Release|x64
		Release|x86 = Release|x86
	EndGlobalSection
	GlobalSection(ProjectConfigurationPlatforms) = postSolution
		{C76264C0-C719-4523-A325-CF02CD37FAA7}.Debug|x64.ActiveCfg = Debug|x64
		{C76264C0-C719-4523-A325-CF02CD37FAA7}.Debug|x64.Build.0 = Debug|x64
		{C76264C0-C719-4523-A325-CF02CD37FAA7}.Debug|x86.ActiveCfg = Debug|Win32
		{C76264C0-C719-4523-A325-CF02CD37FAA7}.Debug|x86.Build.0 = Debug|Win32
		{C76264C0-C719-4523-A325-CF02CD37FAA7}.Release|x64.ActiveCfg = Release|x64
		{C76264C0-C719-4523-A325-CF02CD37FAA7}.Release|x64.Build.0 = Release|x64
		{C76264C0-C719-4523-A325-CF02CD37FAA7}.Release|x86.ActiveCfg = Release|Win32
		{C76264C0-C719-4523-A325-CF02CD37FAA7}.Release|x86.Build.0 = Release|Win32
	EndGlobalSection
	GlobalSection(SolutionProperties) = preSolution
		HideSolutionNode = FALSE
	EndGlobalSection
	GlobalSection(ExtensibilityGlobals) = postSolution
		SolutionGuid = {B4DF655E-C10E-41A1-B481-EDE02A94B711}
	EndGlobalSection
EndGlobal
