
Microsoft Visual Studio Solution File, Format Version 12.00
# Visual Studio Version 17
VisualStudioVersion = 17.7.34031.279
MinimumVisualStudioVersion = 10.0.40219.1
Project("{8BC9CEB8-8B4A-11D0-8D11-00A0C91BC942}") = "H. One Prime", "H. One Prime\H. One Prime.vcxproj", "{B7988C5D-D77B-437C-93F5-9DC9A9FD4C38}"
EndProject
Global
	GlobalSection(SolutionConfigurationPlatforms) = preSolution
		Debug|x64 = Debug|x64
		Debug|x86 = Debug|x86
		Release|x64 = Release|x64
		Release|x86 = Release|x86
	EndGlobalSection
	GlobalSection(ProjectConfigurationPlatforms) = postSolution
		{B7988C5D-D77B-437C-93F5-9DC9A9FD4C38}.Debug|x64.ActiveCfg = Debug|x64
		{B7988C5D-D77B-437C-93F5-9DC9A9FD4C38}.Debug|x64.Build.0 = Debug|x64
		{B7988C5D-D77B-437C-93F5-9DC9A9FD4C38}.Debug|x86.ActiveCfg = Debug|Win32
		{B7988C5D-D77B-437C-93F5-9DC9A9FD4C38}.Debug|x86.Build.0 = Debug|Win32
		{B7988C5D-D77B-437C-93F5-9DC9A9FD4C38}.Release|x64.ActiveCfg = Release|x64
		{B7988C5D-D77B-437C-93F5-9DC9A9FD4C38}.Release|x64.Build.0 = Release|x64
		{B7988C5D-D77B-437C-93F5-9DC9A9FD4C38}.Release|x86.ActiveCfg = Release|Win32
		{B7988C5D-D77B-437C-93F5-9DC9A9FD4C38}.Release|x86.Build.0 = Release|Win32
	EndGlobalSection
	GlobalSection(SolutionProperties) = preSolution
		HideSolutionNode = FALSE
	EndGlobalSection
	GlobalSection(ExtensibilityGlobals) = postSolution
		SolutionGuid = {DEA01D6A-441B-4489-AB6F-B6BF82034D05}
	EndGlobalSection
EndGlobal
