
Microsoft Visual Studio Solution File, Format Version 12.00
# Visual Studio Version 17
VisualStudioVersion = 17.9.34902.65
MinimumVisualStudioVersion = 10.0.40219.1
Project("{8BC9CEB8-8B4A-11D0-8D11-00A0C91BC942}") = "01 _ Sight of Buildings", "01 _ Sight of Buildings\01 _ Sight of Buildings.vcxproj", "{44B4B9C6-F116-436D-A6AD-C378D5F5BB7E}"
EndProject
Global
	GlobalSection(SolutionConfigurationPlatforms) = preSolution
		Debug|x64 = Debug|x64
		Debug|x86 = Debug|x86
		Release|x64 = Release|x64
		Release|x86 = Release|x86
	EndGlobalSection
	GlobalSection(ProjectConfigurationPlatforms) = postSolution
		{44B4B9C6-F116-436D-A6AD-C378D5F5BB7E}.Debug|x64.ActiveCfg = Debug|x64
		{44B4B9C6-F116-436D-A6AD-C378D5F5BB7E}.Debug|x64.Build.0 = Debug|x64
		{44B4B9C6-F116-436D-A6AD-C378D5F5BB7E}.Debug|x86.ActiveCfg = Debug|Win32
		{44B4B9C6-F116-436D-A6AD-C378D5F5BB7E}.Debug|x86.Build.0 = Debug|Win32
		{44B4B9C6-F116-436D-A6AD-C378D5F5BB7E}.Release|x64.ActiveCfg = Release|x64
		{44B4B9C6-F116-436D-A6AD-C378D5F5BB7E}.Release|x64.Build.0 = Release|x64
		{44B4B9C6-F116-436D-A6AD-C378D5F5BB7E}.Release|x86.ActiveCfg = Release|Win32
		{44B4B9C6-F116-436D-A6AD-C378D5F5BB7E}.Release|x86.Build.0 = Release|Win32
	EndGlobalSection
	GlobalSection(SolutionProperties) = preSolution
		HideSolutionNode = FALSE
	EndGlobalSection
	GlobalSection(ExtensibilityGlobals) = postSolution
		SolutionGuid = {F5892822-524B-4DFB-AF9B-D689BB79623A}
	EndGlobalSection
EndGlobal
