
Microsoft Visual Studio Solution File, Format Version 12.00
# Visual Studio Version 17
VisualStudioVersion = 17.7.34031.279
MinimumVisualStudioVersion = 10.0.40219.1
Project("{8BC9CEB8-8B4A-11D0-8D11-00A0C91BC942}") = "F. Digits Summation", "F. Digits Summation\F. Digits Summation.vcxproj", "{007A94E8-2BF8-4E54-A41D-811F42A68A9B}"
EndProject
Global
	GlobalSection(SolutionConfigurationPlatforms) = preSolution
		Debug|x64 = Debug|x64
		Debug|x86 = Debug|x86
		Release|x64 = Release|x64
		Release|x86 = Release|x86
	EndGlobalSection
	GlobalSection(ProjectConfigurationPlatforms) = postSolution
		{007A94E8-2BF8-4E54-A41D-811F42A68A9B}.Debug|x64.ActiveCfg = Debug|x64
		{007A94E8-2BF8-4E54-A41D-811F42A68A9B}.Debug|x64.Build.0 = Debug|x64
		{007A94E8-2BF8-4E54-A41D-811F42A68A9B}.Debug|x86.ActiveCfg = Debug|Win32
		{007A94E8-2BF8-4E54-A41D-811F42A68A9B}.Debug|x86.Build.0 = Debug|Win32
		{007A94E8-2BF8-4E54-A41D-811F42A68A9B}.Release|x64.ActiveCfg = Release|x64
		{007A94E8-2BF8-4E54-A41D-811F42A68A9B}.Release|x64.Build.0 = Release|x64
		{007A94E8-2BF8-4E54-A41D-811F42A68A9B}.Release|x86.ActiveCfg = Release|Win32
		{007A94E8-2BF8-4E54-A41D-811F42A68A9B}.Release|x86.Build.0 = Release|Win32
	EndGlobalSection
	GlobalSection(SolutionProperties) = preSolution
		HideSolutionNode = FALSE
	EndGlobalSection
	GlobalSection(ExtensibilityGlobals) = postSolution
		SolutionGuid = {7B3412D7-122D-4DF6-9FDF-CBA9EDF6F61E}
	EndGlobalSection
EndGlobal
