
Microsoft Visual Studio Solution File, Format Version 12.00
# Visual Studio Version 17
VisualStudioVersion = 17.7.34031.279
MinimumVisualStudioVersion = 10.0.40219.1
Project("{8BC9CEB8-8B4A-11D0-8D11-00A0C91BC942}") = "B. Memo and Momo", "B. Memo and Momo\B. Memo and Momo.vcxproj", "{FDD7F4EE-E20D-4811-BDD9-846709C6C95C}"
EndProject
Global
	GlobalSection(SolutionConfigurationPlatforms) = preSolution
		Debug|x64 = Debug|x64
		Debug|x86 = Debug|x86
		Release|x64 = Release|x64
		Release|x86 = Release|x86
	EndGlobalSection
	GlobalSection(ProjectConfigurationPlatforms) = postSolution
		{FDD7F4EE-E20D-4811-BDD9-846709C6C95C}.Debug|x64.ActiveCfg = Debug|x64
		{FDD7F4EE-E20D-4811-BDD9-846709C6C95C}.Debug|x64.Build.0 = Debug|x64
		{FDD7F4EE-E20D-4811-BDD9-846709C6C95C}.Debug|x86.ActiveCfg = Debug|Win32
		{FDD7F4EE-E20D-4811-BDD9-846709C6C95C}.Debug|x86.Build.0 = Debug|Win32
		{FDD7F4EE-E20D-4811-BDD9-846709C6C95C}.Release|x64.ActiveCfg = Release|x64
		{FDD7F4EE-E20D-4811-BDD9-846709C6C95C}.Release|x64.Build.0 = Release|x64
		{FDD7F4EE-E20D-4811-BDD9-846709C6C95C}.Release|x86.ActiveCfg = Release|Win32
		{FDD7F4EE-E20D-4811-BDD9-846709C6C95C}.Release|x86.Build.0 = Release|Win32
	EndGlobalSection
	GlobalSection(SolutionProperties) = preSolution
		HideSolutionNode = FALSE
	EndGlobalSection
	GlobalSection(ExtensibilityGlobals) = postSolution
		SolutionGuid = {8FC2DBF9-7884-4ED1-8418-0B2C8943B8EC}
	EndGlobalSection
EndGlobal
