
Microsoft Visual Studio Solution File, Format Version 12.00
# Visual Studio Version 17
VisualStudioVersion = 17.9.34902.65
MinimumVisualStudioVersion = 10.0.40219.1
Project("{8BC9CEB8-8B4A-11D0-8D11-00A0C91BC942}") = "88. Merge Sorted Array", "88. Merge Sorted Array\88. Merge Sorted Array.vcxproj", "{ED5D0D78-CC21-4E68-82FD-B169A12DFEE1}"
EndProject
Global
	GlobalSection(SolutionConfigurationPlatforms) = preSolution
		Debug|x64 = Debug|x64
		Debug|x86 = Debug|x86
		Release|x64 = Release|x64
		Release|x86 = Release|x86
	EndGlobalSection
	GlobalSection(ProjectConfigurationPlatforms) = postSolution
		{ED5D0D78-CC21-4E68-82FD-B169A12DFEE1}.Debug|x64.ActiveCfg = Debug|x64
		{ED5D0D78-CC21-4E68-82FD-B169A12DFEE1}.Debug|x64.Build.0 = Debug|x64
		{ED5D0D78-CC21-4E68-82FD-B169A12DFEE1}.Debug|x86.ActiveCfg = Debug|Win32
		{ED5D0D78-CC21-4E68-82FD-B169A12DFEE1}.Debug|x86.Build.0 = Debug|Win32
		{ED5D0D78-CC21-4E68-82FD-B169A12DFEE1}.Release|x64.ActiveCfg = Release|x64
		{ED5D0D78-CC21-4E68-82FD-B169A12DFEE1}.Release|x64.Build.0 = Release|x64
		{ED5D0D78-CC21-4E68-82FD-B169A12DFEE1}.Release|x86.ActiveCfg = Release|Win32
		{ED5D0D78-CC21-4E68-82FD-B169A12DFEE1}.Release|x86.Build.0 = Release|Win32
	EndGlobalSection
	GlobalSection(SolutionProperties) = preSolution
		HideSolutionNode = FALSE
	EndGlobalSection
	GlobalSection(ExtensibilityGlobals) = postSolution
		SolutionGuid = {7A4F77C9-FA4C-4BFB-9D56-D2E6F87314E1}
	EndGlobalSection
EndGlobal
