
Microsoft Visual Studio Solution File, Format Version 12.00
# Visual Studio Version 17
VisualStudioVersion = 17.5.33627.172
MinimumVisualStudioVersion = 10.0.40219.1
Project("{8BC9CEB8-8B4A-11D0-8D11-00A0C91BC942}") = "28 _ Basic Mathematical Operations", "28 _ Basic Mathematical Operations\28 _ Basic Mathematical Operations.vcxproj", "{6B820D80-F950-4A96-A810-8995DF43C9D1}"
EndProject
Global
	GlobalSection(SolutionConfigurationPlatforms) = preSolution
		Debug|x64 = Debug|x64
		Debug|x86 = Debug|x86
		Release|x64 = Release|x64
		Release|x86 = Release|x86
	EndGlobalSection
	GlobalSection(ProjectConfigurationPlatforms) = postSolution
		{6B820D80-F950-4A96-A810-8995DF43C9D1}.Debug|x64.ActiveCfg = Debug|x64
		{6B820D80-F950-4A96-A810-8995DF43C9D1}.Debug|x64.Build.0 = Debug|x64
		{6B820D80-F950-4A96-A810-8995DF43C9D1}.Debug|x86.ActiveCfg = Debug|Win32
		{6B820D80-F950-4A96-A810-8995DF43C9D1}.Debug|x86.Build.0 = Debug|Win32
		{6B820D80-F950-4A96-A810-8995DF43C9D1}.Release|x64.ActiveCfg = Release|x64
		{6B820D80-F950-4A96-A810-8995DF43C9D1}.Release|x64.Build.0 = Release|x64
		{6B820D80-F950-4A96-A810-8995DF43C9D1}.Release|x86.ActiveCfg = Release|Win32
		{6B820D80-F950-4A96-A810-8995DF43C9D1}.Release|x86.Build.0 = Release|Win32
	EndGlobalSection
	GlobalSection(SolutionProperties) = preSolution
		HideSolutionNode = FALSE
	EndGlobalSection
	GlobalSection(ExtensibilityGlobals) = postSolution
		SolutionGuid = {2CFAB4B1-76E3-4A71-88D7-F99DCDED2ADD}
	EndGlobalSection
EndGlobal
