
Microsoft Visual Studio Solution File, Format Version 12.00
# Visual Studio Version 17
VisualStudioVersion = 17.9.34902.65
MinimumVisualStudioVersion = 10.0.40219.1
Project("{8BC9CEB8-8B4A-11D0-8D11-00A0C91BC942}") = "Y. Easy Fibonacci", "Y. Easy Fibonacci\Y. Easy Fibonacci.vcxproj", "{62C94C36-FB3C-4769-B5C5-A0BCD125B716}"
EndProject
Global
	GlobalSection(SolutionConfigurationPlatforms) = preSolution
		Debug|x64 = Debug|x64
		Debug|x86 = Debug|x86
		Release|x64 = Release|x64
		Release|x86 = Release|x86
	EndGlobalSection
	GlobalSection(ProjectConfigurationPlatforms) = postSolution
		{62C94C36-FB3C-4769-B5C5-A0BCD125B716}.Debug|x64.ActiveCfg = Debug|x64
		{62C94C36-FB3C-4769-B5C5-A0BCD125B716}.Debug|x64.Build.0 = Debug|x64
		{62C94C36-FB3C-4769-B5C5-A0BCD125B716}.Debug|x86.ActiveCfg = Debug|Win32
		{62C94C36-FB3C-4769-B5C5-A0BCD125B716}.Debug|x86.Build.0 = Debug|Win32
		{62C94C36-FB3C-4769-B5C5-A0BCD125B716}.Release|x64.ActiveCfg = Release|x64
		{62C94C36-FB3C-4769-B5C5-A0BCD125B716}.Release|x64.Build.0 = Release|x64
		{62C94C36-FB3C-4769-B5C5-A0BCD125B716}.Release|x86.ActiveCfg = Release|Win32
		{62C94C36-FB3C-4769-B5C5-A0BCD125B716}.Release|x86.Build.0 = Release|Win32
	EndGlobalSection
	GlobalSection(SolutionProperties) = preSolution
		HideSolutionNode = FALSE
	EndGlobalSection
	GlobalSection(ExtensibilityGlobals) = postSolution
		SolutionGuid = {AE803860-FB52-48A4-84A4-B80F73CC0787}
	EndGlobalSection
EndGlobal
