
Microsoft Visual Studio Solution File, Format Version 12.00
# Visual Studio Version 17
VisualStudioVersion = 17.5.33627.172
MinimumVisualStudioVersion = 10.0.40219.1
Project("{8BC9CEB8-8B4A-11D0-8D11-00A0C91BC942}") = "98 _ N-th Power (retired)", "98 _ N-th Power (retired)\98 _ N-th Power (retired).vcxproj", "{B07EFEE7-A75E-49F5-A315-2B4B8E3544B0}"
EndProject
Global
	GlobalSection(SolutionConfigurationPlatforms) = preSolution
		Debug|x64 = Debug|x64
		Debug|x86 = Debug|x86
		Release|x64 = Release|x64
		Release|x86 = Release|x86
	EndGlobalSection
	GlobalSection(ProjectConfigurationPlatforms) = postSolution
		{B07EFEE7-A75E-49F5-A315-2B4B8E3544B0}.Debug|x64.ActiveCfg = Debug|x64
		{B07EFEE7-A75E-49F5-A315-2B4B8E3544B0}.Debug|x64.Build.0 = Debug|x64
		{B07EFEE7-A75E-49F5-A315-2B4B8E3544B0}.Debug|x86.ActiveCfg = Debug|Win32
		{B07EFEE7-A75E-49F5-A315-2B4B8E3544B0}.Debug|x86.Build.0 = Debug|Win32
		{B07EFEE7-A75E-49F5-A315-2B4B8E3544B0}.Release|x64.ActiveCfg = Release|x64
		{B07EFEE7-A75E-49F5-A315-2B4B8E3544B0}.Release|x64.Build.0 = Release|x64
		{B07EFEE7-A75E-49F5-A315-2B4B8E3544B0}.Release|x86.ActiveCfg = Release|Win32
		{B07EFEE7-A75E-49F5-A315-2B4B8E3544B0}.Release|x86.Build.0 = Release|Win32
	EndGlobalSection
	GlobalSection(SolutionProperties) = preSolution
		HideSolutionNode = FALSE
	EndGlobalSection
	GlobalSection(ExtensibilityGlobals) = postSolution
		SolutionGuid = {8908FB08-E966-4652-B137-589097C26F54}
	EndGlobalSection
EndGlobal
