
Microsoft Visual Studio Solution File, Format Version 12.00
# Visual Studio Version 17
VisualStudioVersion = 17.7.34031.279
MinimumVisualStudioVersion = 10.0.40219.1
Project("{8BC9CEB8-8B4A-11D0-8D11-00A0C91BC942}") = "K. Divisors", "K. Divisors\K. Divisors.vcxproj", "{07321B36-0F65-438A-A7A5-3267EC185676}"
EndProject
Global
	GlobalSection(SolutionConfigurationPlatforms) = preSolution
		Debug|x64 = Debug|x64
		Debug|x86 = Debug|x86
		Release|x64 = Release|x64
		Release|x86 = Release|x86
	EndGlobalSection
	GlobalSection(ProjectConfigurationPlatforms) = postSolution
		{07321B36-0F65-438A-A7A5-3267EC185676}.Debug|x64.ActiveCfg = Debug|x64
		{07321B36-0F65-438A-A7A5-3267EC185676}.Debug|x64.Build.0 = Debug|x64
		{07321B36-0F65-438A-A7A5-3267EC185676}.Debug|x86.ActiveCfg = Debug|Win32
		{07321B36-0F65-438A-A7A5-3267EC185676}.Debug|x86.Build.0 = Debug|Win32
		{07321B36-0F65-438A-A7A5-3267EC185676}.Release|x64.ActiveCfg = Release|x64
		{07321B36-0F65-438A-A7A5-3267EC185676}.Release|x64.Build.0 = Release|x64
		{07321B36-0F65-438A-A7A5-3267EC185676}.Release|x86.ActiveCfg = Release|Win32
		{07321B36-0F65-438A-A7A5-3267EC185676}.Release|x86.Build.0 = Release|Win32
	EndGlobalSection
	GlobalSection(SolutionProperties) = preSolution
		HideSolutionNode = FALSE
	EndGlobalSection
	GlobalSection(ExtensibilityGlobals) = postSolution
		SolutionGuid = {EF4B2498-C05D-40F6-877D-A284ADEE6FD3}
	EndGlobalSection
EndGlobal
