
Microsoft Visual Studio Solution File, Format Version 12.00
# Visual Studio Version 17
VisualStudioVersion = 17.5.33627.172
MinimumVisualStudioVersion = 10.0.40219.1
Project("{8BC9CEB8-8B4A-11D0-8D11-00A0C91BC942}") = "63 _ 101 Dalmatians - squash the bugs, not the dogs!", "63 _ 101 Dalmatians - squash the bugs, not the dogs!\63 _ 101 Dalmatians - squash the bugs, not the dogs!.vcxproj", "{B9F43330-CDE4-4466-8414-C1C4C3F3658E}"
EndProject
Global
	GlobalSection(SolutionConfigurationPlatforms) = preSolution
		Debug|x64 = Debug|x64
		Debug|x86 = Debug|x86
		Release|x64 = Release|x64
		Release|x86 = Release|x86
	EndGlobalSection
	GlobalSection(ProjectConfigurationPlatforms) = postSolution
		{B9F43330-CDE4-4466-8414-C1C4C3F3658E}.Debug|x64.ActiveCfg = Debug|x64
		{B9F43330-CDE4-4466-8414-C1C4C3F3658E}.Debug|x64.Build.0 = Debug|x64
		{B9F43330-CDE4-4466-8414-C1C4C3F3658E}.Debug|x86.ActiveCfg = Debug|Win32
		{B9F43330-CDE4-4466-8414-C1C4C3F3658E}.Debug|x86.Build.0 = Debug|Win32
		{B9F43330-CDE4-4466-8414-C1C4C3F3658E}.Release|x64.ActiveCfg = Release|x64
		{B9F43330-CDE4-4466-8414-C1C4C3F3658E}.Release|x64.Build.0 = Release|x64
		{B9F43330-CDE4-4466-8414-C1C4C3F3658E}.Release|x86.ActiveCfg = Release|Win32
		{B9F43330-CDE4-4466-8414-C1C4C3F3658E}.Release|x86.Build.0 = Release|Win32
	EndGlobalSection
	GlobalSection(SolutionProperties) = preSolution
		HideSolutionNode = FALSE
	EndGlobalSection
	GlobalSection(ExtensibilityGlobals) = postSolution
		SolutionGuid = {0DF02869-8483-4E50-9610-1D0E13926C33}
	EndGlobalSection
EndGlobal
