
Microsoft Visual Studio Solution File, Format Version 12.00
# Visual Studio Version 17
VisualStudioVersion = 17.7.34031.279
MinimumVisualStudioVersion = 10.0.40219.1
Project("{8BC9CEB8-8B4A-11D0-8D11-00A0C91BC942}") = "F. Multiplication table", "F. Multiplication table\F. Multiplication table.vcxproj", "{31FB5ADD-511F-4DA1-88DE-B7F9F785F103}"
EndProject
Global
	GlobalSection(SolutionConfigurationPlatforms) = preSolution
		Debug|x64 = Debug|x64
		Debug|x86 = Debug|x86
		Release|x64 = Release|x64
		Release|x86 = Release|x86
	EndGlobalSection
	GlobalSection(ProjectConfigurationPlatforms) = postSolution
		{31FB5ADD-511F-4DA1-88DE-B7F9F785F103}.Debug|x64.ActiveCfg = Debug|x64
		{31FB5ADD-511F-4DA1-88DE-B7F9F785F103}.Debug|x64.Build.0 = Debug|x64
		{31FB5ADD-511F-4DA1-88DE-B7F9F785F103}.Debug|x86.ActiveCfg = Debug|Win32
		{31FB5ADD-511F-4DA1-88DE-B7F9F785F103}.Debug|x86.Build.0 = Debug|Win32
		{31FB5ADD-511F-4DA1-88DE-B7F9F785F103}.Release|x64.ActiveCfg = Release|x64
		{31FB5ADD-511F-4DA1-88DE-B7F9F785F103}.Release|x64.Build.0 = Release|x64
		{31FB5ADD-511F-4DA1-88DE-B7F9F785F103}.Release|x86.ActiveCfg = Release|Win32
		{31FB5ADD-511F-4DA1-88DE-B7F9F785F103}.Release|x86.Build.0 = Release|Win32
	EndGlobalSection
	GlobalSection(SolutionProperties) = preSolution
		HideSolutionNode = FALSE
	EndGlobalSection
	GlobalSection(ExtensibilityGlobals) = postSolution
		SolutionGuid = {7489CE6D-A709-4DB6-8752-1E7EDEF10669}
	EndGlobalSection
EndGlobal
